
Microsoft Visual Studio Solution File, Format Version 12.00
# Visual Studio Version 17
VisualStudioVersion = 17.5.33516.290
MinimumVisualStudioVersion = 10.0.40219.1
Project("{FAE04EC0-301F-11D3-BF4B-00C04F79EFBC}") = "tcddExampleProject", "tcddExampleProject\tcddExampleProject.csproj", "{5186DE46-168D-434C-B2A5-58329C94C355}"
EndProject
Global
	GlobalSection(SolutionConfigurationPlatforms) = preSolution
		Debug|Any CPU = Debug|Any CPU
		Release|Any CPU = Release|Any CPU
	EndGlobalSection
	GlobalSection(ProjectConfigurationPlatforms) = postSolution
		{5186DE46-168D-434C-B2A5-58329C94C355}.Debug|Any CPU.ActiveCfg = Debug|Any CPU
		{5186DE46-168D-434C-B2A5-58329C94C355}.Debug|Any CPU.Build.0 = Debug|Any CPU
		{5186DE46-168D-434C-B2A5-58329C94C355}.Release|Any CPU.ActiveCfg = Release|Any CPU
		{5186DE46-168D-434C-B2A5-58329C94C355}.Release|Any CPU.Build.0 = Release|Any CPU
	EndGlobalSection
	GlobalSection(SolutionProperties) = preSolution
		HideSolutionNode = FALSE
	EndGlobalSection
	GlobalSection(ExtensibilityGlobals) = postSolution
		SolutionGuid = {440B6C22-90A6-419F-B511-ABE83CA0EDE2}
	EndGlobalSection
EndGlobal
